{
  "lockfileVersion": 2,
  "configVersion": 1,
  "workspaces": {
    "": {
      "name": "dsh-alias",
      "dependencies": {
        "@deepseek-ai/schemastery": "^3.18.4",
      },
      "devDependencies": {
        "@deepseek-ai/cordis": "4.0.4",
        "@deepseek-ai/cosmokit": "~1.8.5",
      },
      "peerDependencies": {
        "@deepseek-ai/cordis": "~4.0.4",
      },
    },
  },
  "packages": {
    "@deepseek-ai/cordis": ["@deepseek-ai/cordis@4.0.4", "", { "dependencies": { "@deepseek-ai/cosmokit": "~1.8.5", "@standard-schema/spec": "^1.1.0" }, "peerDependencies": { "@deepseek-ai/cordis-plugin-include": "~1.0.9", "@deepseek-ai/cordis-plugin-loader": "~1.0.5" }, "optionalPeers": ["@deepseek-ai/cordis-plugin-include", "@deepseek-ai/cordis-plugin-loader"], "bin": { "cordis": "bin.js" } }, "sha512-obgyxqWAmFn3Re8kvsuUnyW+ihrz6eJCnJO4fh1cQzDtmPYz/zzVeUkH9R94I0OwSVOocK67Kgakm04j/oQXzg=="],

    "@deepseek-ai/cosmokit": ["@deepseek-ai/cosmokit@1.8.5", "", {}, "sha512-LXsrlem9z8dq4sLflj2yuCuYX7KqhdzF5hZly3eZyuTo8d6oDSOXuEgC5DbQWKW+lksm6zmOutQLsP/ma6wR6A=="],

    "@deepseek-ai/schemastery": ["@deepseek-ai/schemastery@3.18.4", "", { "dependencies": { "@deepseek-ai/cosmokit": "~1.8.5", "@standard-schema/spec": "^1.1.0" } }, "sha512-SSXO6tYuyrIqKVbmOnIq0s+riUywYzouFMcnBluHF9n4KMo2G8HvEzhCYj6pj2617/glOjbJuVInJ9hfONsjkg=="],

    "@standard-schema/spec": ["@standard-schema/spec@1.1.0", "", {}, "sha512-l2aFy5jALhniG5HgqrD6jXLi/rUWrKvqN/qJx6yoJsgKhblVd+iqqU4RCXavm/jPityDo5TCvKMnpjKnOriy0w=="],
  }
}
